github.com/Supraboy981322/gomn v0.0.0-20251222210048-658128424ff6 h1:0oS9JgZ6U0G/faoHi7/Gwpba6jK19kIOlg98gGkbh2I=
github.com/Supraboy981322/gomn v0.0.0-20251222210048-658128424ff6/go.mod h1:mZx9Nmbu5fuNbYL64EhNXGbSBVoO+sw7k9J9HVe1TrM=
github.com/gempir/go-twitch-irc/v4 v4.3.1 h1:aWLyxnTD7rga1CPow9ALPWNTUH/HsS3G5d3uXzVBG6s=
github.com/gempir/go-twitch-irc/v4 v4.3.1/go.mod h1:QsOMMAk470uxQ7EYD9GJBGAVqM/jDrXBNbuePfTauzg=
